
Microsoft Visual Studio Solution File, Format Version 12.00
# Visual Studio 2012
Project("{F184B08F-C81C-45F6-A57F-5ABD9991F28F}") = "ASP6", "ASP6\ASP6.vbproj", "{C7647F4B-BB41-425E-AA0A-DDD61B693DFE}"
EndProject
Global
	GlobalSection(SolutionConfigurationPlatforms) = preSolution
		Debug|Any CPU = Debug|Any CPU
		Release|Any CPU = Release|Any CPU
	EndGlobalSection
	GlobalSection(ProjectConfigurationPlatforms) = postSolution
		{C7647F4B-BB41-425E-AA0A-DDD61B693DFE}.Debug|Any CPU.ActiveCfg = Debug|Any CPU
		{C7647F4B-BB41-425E-AA0A-DDD61B693DFE}.Debug|Any CPU.Build.0 = Debug|Any CPU
		{C7647F4B-BB41-425E-AA0A-DDD61B693DFE}.Release|Any CPU.ActiveCfg = Release|Any CPU
		{C7647F4B-BB41-425E-AA0A-DDD61B693DFE}.Release|Any CPU.Build.0 = Release|Any CPU
	EndGlobalSection
	GlobalSection(SolutionProperties) = preSolution
		HideSolutionNode = FALSE
	EndGlobalSection
EndGlobal
